// !$*UTF8*$!
{
	archiveVersion = 1;
	classes = {
	};
	objectVersion = 42;
	objects = {

/* Begin PBXBuildFile section */
		433BB8060E14192A00CCE3BF /* config.c in Sources */ = {isa = PBXBuildFile; fileRef = 433BB7AC0E14192A00CCE3BF /* config.c */; };
		433BB8070E14192A00CCE3BF /* config.h in CopyFiles */ = {isa = PBXBuildFile; fileRef = 433BB7AD0E14192A00CCE3BF /* config.h */; };
		433BB8290E14192A00CCE3BF /* main.m in Sources */ = {isa = PBXBuildFile; fileRef = 433BB7D00E14192A00CCE3BF /* main.m */; };
		435DAB010E14147200711E27 /* SDL.framework in CopyFiles */ = {isa = PBXBuildFile; fileRef = A47314340CEFDF78006AAA03 /* SDL.framework */; };
		435DAB2B0E14147A00711E27 /* SDL_net.framework in CopyFiles */ = {isa = PBXBuildFile; fileRef = 437A38A40E0D2FF90097837C /* SDL_net.framework */; };
		437A38A50E0D2FF90097837C /* SDL_net.framework in Frameworks */ = {isa = PBXBuildFile; fileRef = 437A38A40E0D2FF90097837C /* SDL_net.framework */; };
		437A39C50E0D3A770097837C /* data in Resources */ = {isa = PBXBuildFile; fileRef = 437A39590E0D3A770097837C /* data */; };
		67758565121749BB0035F84E /* video_scale_hqNx.c in Sources */ = {isa = PBXBuildFile; fileRef = 67758564121749BB0035F84E /* video_scale_hqNx.c */; };
		8D11072F0486CEB800E47090 /* Cocoa.framework in Frameworks */ = {isa = PBXBuildFile; fileRef = 1058C7A1FEA54F0111CA2CBB /* Cocoa.framework */; };
		A47314350CEFDF78006AAA03 /* SDL.framework in Frameworks */ = {isa = PBXBuildFile; fileRef = A47314340CEFDF78006AAA03 /* SDL.framework */; };
		A48DFB580CD6C27C0026AE59 /* MainMenu.nib in Resources */ = {isa = PBXBuildFile; fileRef = A4CBD5C90CBB687900048D9F /* MainMenu.nib */; };
		A4EDD15D0CBB6FFB008AEAEB /* tyrian.icns in Resources */ = {isa = PBXBuildFile; fileRef = A4EDD15C0CBB6FFB008AEAEB /* tyrian.icns */; };
		D055C19E10E62BAC007144AC /* animlib.c in Sources */ = {isa = PBXBuildFile; fileRef = D055C13410E62BAC007144AC /* animlib.c */; };
		D055C19F10E62BAC007144AC /* arg_parse.c in Sources */ = {isa = PBXBuildFile; fileRef = D055C13610E62BAC007144AC /* arg_parse.c */; };
		D055C1A010E62BAC007144AC /* backgrnd.c in Sources */ = {isa = PBXBuildFile; fileRef = D055C13810E62BAC007144AC /* backgrnd.c */; };
		D055C1A110E62BAC007144AC /* cJSON.c in Sources */ = {isa = PBXBuildFile; fileRef = D055C13A10E62BAC007144AC /* cJSON.c */; };
		D055C1A210E62BAC007144AC /* destruct.c in Sources */ = {isa = PBXBuildFile; fileRef = D055C13C10E62BAC007144AC /* destruct.c */; };
		D055C1A310E62BAC007144AC /* editship.c in Sources */ = {isa = PBXBuildFile; fileRef = D055C13E10E62BAC007144AC /* editship.c */; };
		D055C1A410E62BAC007144AC /* episodes.c in Sources */ = {isa = PBXBuildFile; fileRef = D055C14010E62BAC007144AC /* episodes.c */; };
		D055C1A510E62BAC007144AC /* file.c in Sources */ = {isa = PBXBuildFile; fileRef = D055C14210E62BAC007144AC /* file.c */; };
		D055C1A810E62BAC007144AC /* fm_synth.c in Sources */ = {isa = PBXBuildFile; fileRef = D055C14610E62BAC007144AC /* fm_synth.c */; };
		D055C1A910E62BAC007144AC /* fmopl.c in Sources */ = {isa = PBXBuildFile; fileRef = D055C14810E62BAC007144AC /* fmopl.c */; };
		D055C1AA10E62BAC007144AC /* font.c in Sources */ = {isa = PBXBuildFile; fileRef = D055C14A10E62BAC007144AC /* font.c */; };
		D055C1AB10E62BAC007144AC /* fonthand.c in Sources */ = {isa = PBXBuildFile; fileRef = D055C14C10E62BAC007144AC /* fonthand.c */; };
		D055C1AC10E62BAC007144AC /* game_menu.c in Sources */ = {isa = PBXBuildFile; fileRef = D055C14E10E62BAC007144AC /* game_menu.c */; };
		D055C1AD10E62BAC007144AC /* helptext.c in Sources */ = {isa = PBXBuildFile; fileRef = D055C15010E62BAC007144AC /* helptext.c */; };
		D055C1AE10E62BAC007144AC /* joystick.c in Sources */ = {isa = PBXBuildFile; fileRef = D055C15310E62BAC007144AC /* joystick.c */; };
		D055C1AF10E62BAC007144AC /* jukebox.c in Sources */ = {isa = PBXBuildFile; fileRef = D055C15510E62BAC007144AC /* jukebox.c */; };
		D055C1B010E62BAC007144AC /* keyboard.c in Sources */ = {isa = PBXBuildFile; fileRef = D055C15710E62BAC007144AC /* keyboard.c */; };
		D055C1B110E62BAC007144AC /* lds_play.c in Sources */ = {isa = PBXBuildFile; fileRef = D055C15910E62BAC007144AC /* lds_play.c */; };
		D055C1B210E62BAC007144AC /* loudness.c in Sources */ = {isa = PBXBuildFile; fileRef = D055C15B10E62BAC007144AC /* loudness.c */; };
		D055C1B310E62BAC007144AC /* lvllib.c in Sources */ = {isa = PBXBuildFile; fileRef = D055C15D10E62BAC007144AC /* lvllib.c */; };
		D055C1B410E62BAC007144AC /* lvlmast.c in Sources */ = {isa = PBXBuildFile; fileRef = D055C15F10E62BAC007144AC /* lvlmast.c */; };
		D055C1B610E62BAC007144AC /* mainint.c in Sources */ = {isa = PBXBuildFile; fileRef = D055C16210E62BAC007144AC /* mainint.c */; };
		D055C1B710E62BAC007144AC /* menus.c in Sources */ = {isa = PBXBuildFile; fileRef = D055C16410E62BAC007144AC /* menus.c */; };
		D055C1B810E62BAC007144AC /* mingw_fixes.c in Sources */ = {isa = PBXBuildFile; fileRef = D055C16610E62BAC007144AC /* mingw_fixes.c */; };
		D055C1B910E62BAC007144AC /* mouse.c in Sources */ = {isa = PBXBuildFile; fileRef = D055C16810E62BAC007144AC /* mouse.c */; };
		D055C1BA10E62BAC007144AC /* mtrand.c in Sources */ = {isa = PBXBuildFile; fileRef = D055C16A10E62BAC007144AC /* mtrand.c */; };
		D055C1BB10E62BAC007144AC /* musmast.c in Sources */ = {isa = PBXBuildFile; fileRef = D055C16C10E62BAC007144AC /* musmast.c */; };
		D055C1BC10E62BAC007144AC /* network.c in Sources */ = {isa = PBXBuildFile; fileRef = D055C16E10E62BAC007144AC /* network.c */; };
		D055C1BD10E62BAC007144AC /* nortsong.c in Sources */ = {isa = PBXBuildFile; fileRef = D055C17010E62BAC007144AC /* nortsong.c */; };
		D055C1BE10E62BAC007144AC /* nortvars.c in Sources */ = {isa = PBXBuildFile; fileRef = D055C17210E62BAC007144AC /* nortvars.c */; };
		D055C1BF10E62BAC007144AC /* opentyr.c in Sources */ = {isa = PBXBuildFile; fileRef = D055C17410E62BAC007144AC /* opentyr.c */; };
		D055C1C010E62BAC007144AC /* palette.c in Sources */ = {isa = PBXBuildFile; fileRef = D055C17610E62BAC007144AC /* palette.c */; };
		D055C1C110E62BAC007144AC /* params.c in Sources */ = {isa = PBXBuildFile; fileRef = D055C17810E62BAC007144AC /* params.c */; };
		D055C1C210E62BAC007144AC /* pcxload.c in Sources */ = {isa = PBXBuildFile; fileRef = D055C17A10E62BAC007144AC /* pcxload.c */; };
		D055C1C310E62BAC007144AC /* pcxmast.c in Sources */ = {isa = PBXBuildFile; fileRef = D055C17C10E62BAC007144AC /* pcxmast.c */; };
		D055C1C410E62BAC007144AC /* picload.c in Sources */ = {isa = PBXBuildFile; fileRef = D055C17E10E62BAC007144AC /* picload.c */; };
		D055C1C510E62BAC007144AC /* player.c in Sources */ = {isa = PBXBuildFile; fileRef = D055C18010E62BAC007144AC /* player.c */; };
		D055C1C610E62BAC007144AC /* scroller.c in Sources */ = {isa = PBXBuildFile; fileRef = D055C18210E62BAC007144AC /* scroller.c */; };
		D055C1C810E62BAC007144AC /* setup.c in Sources */ = {isa = PBXBuildFile; fileRef = D055C18610E62BAC007144AC /* setup.c */; };
		D055C1C910E62BAC007144AC /* sizebuf.c in Sources */ = {isa = PBXBuildFile; fileRef = D055C18810E62BAC007144AC /* sizebuf.c */; };
		D055C1CA10E62BAC007144AC /* sndmast.c in Sources */ = {isa = PBXBuildFile; fileRef = D055C18A10E62BAC007144AC /* sndmast.c */; };
		D055C1CB10E62BAC007144AC /* sprite.c in Sources */ = {isa = PBXBuildFile; fileRef = D055C18C10E62BAC007144AC /* sprite.c */; };
		D055C1CC10E62BAC007144AC /* starlib.c in Sources */ = {isa = PBXBuildFile; fileRef = D055C18E10E62BAC007144AC /* starlib.c */; };
		D055C1CD10E62BAC007144AC /* tyrian2.c in Sources */ = {isa = PBXBuildFile; fileRef = D055C19010E62BAC007144AC /* tyrian2.c */; };
		D055C1CE10E62BAC007144AC /* varz.c in Sources */ = {isa = PBXBuildFile; fileRef = D055C19210E62BAC007144AC /* varz.c */; };
		D055C1CF10E62BAC007144AC /* vga_palette.c in Sources */ = {isa = PBXBuildFile; fileRef = D055C19410E62BAC007144AC /* vga_palette.c */; };
		D055C1D010E62BAC007144AC /* vga256d.c in Sources */ = {isa = PBXBuildFile; fileRef = D055C19610E62BAC007144AC /* vga256d.c */; };
		D055C1D110E62BAC007144AC /* video_scale.c in Sources */ = {isa = PBXBuildFile; fileRef = D055C19810E62BAC007144AC /* video_scale.c */; };
		D055C1D210E62BAC007144AC /* video.c in Sources */ = {isa = PBXBuildFile; fileRef = D055C19A10E62BAC007144AC /* video.c */; };
		D055C1D310E62BAC007144AC /* xmas.c in Sources */ = {isa = PBXBuildFile; fileRef = D055C19C10E62BAC007144AC /* xmas.c */; };
/* End PBXBuildFile section */

/* Begin PBXCopyFilesBuildPhase section */
		435DAAF90E14146300711E27 /* CopyFiles */ = {
			isa = PBXCopyFilesBuildPhase;
			buildActionMask = 2147483647;
			dstPath = "";
			dstSubfolderSpec = 10;
			files = (
				435DAB2B0E14147A00711E27 /* SDL_net.framework in CopyFiles */,
				435DAB010E14147200711E27 /* SDL.framework in CopyFiles */,
				433BB8070E14192A00CCE3BF /* config.h in CopyFiles */,
			);
			runOnlyForDeploymentPostprocessing = 0;
		};
/* End PBXCopyFilesBuildPhase section */

/* Begin PBXFileReference section */
		1058C7A1FEA54F0111CA2CBB /* Cocoa.framework */ = {isa = PBXFileReference; lastKnownFileType = wrapper.framework; name = Cocoa.framework; path = /System/Library/Frameworks/Cocoa.framework; sourceTree = "<absolute>"; };
		13E42FB307B3F0F600E4EEF1 /* CoreData.framework */ = {isa = PBXFileReference; lastKnownFileType = wrapper.framework; name = CoreData.framework; path = /System/Library/Frameworks/CoreData.framework; sourceTree = "<absolute>"; };
		29B97324FDCFA39411CA2CEA /* AppKit.framework */ = {isa = PBXFileReference; lastKnownFileType = wrapper.framework; name = AppKit.framework; path = /System/Library/Frameworks/AppKit.framework; sourceTree = "<absolute>"; };
		29B97325FDCFA39411CA2CEA /* Foundation.framework */ = {isa = PBXFileReference; lastKnownFileType = wrapper.framework; name = Foundation.framework; path = /System/Library/Frameworks/Foundation.framework; sourceTree = "<absolute>"; };
		433BB7AC0E14192A00CCE3BF /* config.c */ = {isa = PBXFileReference; fileEncoding = 4; lastKnownFileType = sourcecode.c.c; name = config.c; path = src/config.c; sourceTree = "<group>"; };
		433BB7AD0E14192A00CCE3BF /* config.h */ = {isa = PBXFileReference; fileEncoding = 4; lastKnownFileType = sourcecode.c.h; name = config.h; path = src/config.h; sourceTree = "<group>"; };
		433BB7D00E14192A00CCE3BF /* main.m */ = {isa = PBXFileReference; fileEncoding = 4; lastKnownFileType = sourcecode.c.objc; name = main.m; path = src/main.m; sourceTree = "<group>"; };
		437A38A40E0D2FF90097837C /* SDL_net.framework */ = {isa = PBXFileReference; lastKnownFileType = wrapper.framework; name = SDL_net.framework; path = /Library/Frameworks/SDL_net.framework; sourceTree = "<absolute>"; };
		437A39590E0D3A770097837C /* data */ = {isa = PBXFileReference; lastKnownFileType = folder; name = data; path = ../src/data; sourceTree = "<group>"; };
		67758564121749BB0035F84E /* video_scale_hqNx.c */ = {isa = PBXFileReference; fileEncoding = 4; lastKnownFileType = sourcecode.c.c; name = video_scale_hqNx.c; path = opentyrian/src/video_scale_hqNx.c; sourceTree = "<group>"; };
		8D1107310486CEB800E47090 /* Info.plist */ = {isa = PBXFileReference; fileEncoding = 4; lastKnownFileType = text.plist; path = Info.plist; sourceTree = "<group>"; };
		8D1107320486CEB800E47090 /* OpenTyrian.app */ = {isa = PBXFileReference; explicitFileType = wrapper.application; includeInIndex = 0; path = OpenTyrian.app; sourceTree = BUILT_PRODUCTS_DIR; };
		A47314340CEFDF78006AAA03 /* SDL.framework */ = {isa = PBXFileReference; lastKnownFileType = wrapper.framework; name = SDL.framework; path = /Library/Frameworks/SDL.framework; sourceTree = "<absolute>"; };
		A4CBD5CA0CBB687900048D9F /* English */ = {isa = PBXFileReference; lastKnownFileType = wrapper.nib; name = English; path = English.lproj/MainMenu.nib; sourceTree = "<group>"; };
		A4EDD15C0CBB6FFB008AEAEB /* tyrian.icns */ = {isa = PBXFileReference; lastKnownFileType = image.icns; path = tyrian.icns; sourceTree = "<group>"; };
		D055C13410E62BAC007144AC /* animlib.c */ = {isa = PBXFileReference; fileEncoding = 4; lastKnownFileType = sourcecode.c.c; name = animlib.c; path = opentyrian/src/animlib.c; sourceTree = "<group>"; };
		D055C13510E62BAC007144AC /* animlib.h */ = {isa = PBXFileReference; fileEncoding = 4; lastKnownFileType = sourcecode.c.h; name = animlib.h; path = opentyrian/src/animlib.h; sourceTree = "<group>"; };
		D055C13610E62BAC007144AC /* arg_parse.c */ = {isa = PBXFileReference; fileEncoding = 4; lastKnownFileType = sourcecode.c.c; name = arg_parse.c; path = opentyrian/src/arg_parse.c; sourceTree = "<group>"; };
		D055C13710E62BAC007144AC /* arg_parse.h */ = {isa = PBXFileReference; fileEncoding = 4; lastKnownFileType = sourcecode.c.h; name = arg_parse.h; path = opentyrian/src/arg_parse.h; sourceTree = "<group>"; };
		D055C13810E62BAC007144AC /* backgrnd.c */ = {isa = PBXFileReference; fileEncoding = 4; lastKnownFileType = sourcecode.c.c; name = backgrnd.c; path = opentyrian/src/backgrnd.c; sourceTree = "<group>"; };
		D055C13910E62BAC007144AC /* backgrnd.h */ = {isa = PBXFileReference; fileEncoding = 4; lastKnownFileType = sourcecode.c.h; name = backgrnd.h; path = opentyrian/src/backgrnd.h; sourceTree = "<group>"; };
		D055C13A10E62BAC007144AC /* cJSON.c */ = {isa = PBXFileReference; fileEncoding = 4; lastKnownFileType = sourcecode.c.c; name = cJSON.c; path = opentyrian/src/cJSON.c; sourceTree = "<group>"; };
		D055C13B10E62BAC007144AC /* cJSON.h */ = {isa = PBXFileReference; fileEncoding = 4; lastKnownFileType = sourcecode.c.h; name = cJSON.h; path = opentyrian/src/cJSON.h; sourceTree = "<group>"; };
		D055C13C10E62BAC007144AC /* destruct.c */ = {isa = PBXFileReference; fileEncoding = 4; lastKnownFileType = sourcecode.c.c; name = destruct.c; path = opentyrian/src/destruct.c; sourceTree = "<group>"; };
		D055C13D10E62BAC007144AC /* destruct.h */ = {isa = PBXFileReference; fileEncoding = 4; lastKnownFileType = sourcecode.c.h; name = destruct.h; path = opentyrian/src/destruct.h; sourceTree = "<group>"; };
		D055C13E10E62BAC007144AC /* editship.c */ = {isa = PBXFileReference; fileEncoding = 4; lastKnownFileType = sourcecode.c.c; name = editship.c; path = opentyrian/src/editship.c; sourceTree = "<group>"; };
		D055C13F10E62BAC007144AC /* editship.h */ = {isa = PBXFileReference; fileEncoding = 4; lastKnownFileType = sourcecode.c.h; name = editship.h; path = opentyrian/src/editship.h; sourceTree = "<group>"; };
		D055C14010E62BAC007144AC /* episodes.c */ = {isa = PBXFileReference; fileEncoding = 4; lastKnownFileType = sourcecode.c.c; name = episodes.c; path = opentyrian/src/episodes.c; sourceTree = "<group>"; };
		D055C14110E62BAC007144AC /* episodes.h */ = {isa = PBXFileReference; fileEncoding = 4; lastKnownFileType = sourcecode.c.h; name = episodes.h; path = opentyrian/src/episodes.h; sourceTree = "<group>"; };
		D055C14210E62BAC007144AC /* file.c */ = {isa = PBXFileReference; fileEncoding = 4; lastKnownFileType = sourcecode.c.c; name = file.c; path = opentyrian/src/file.c; sourceTree = "<group>"; };
		D055C14410E62BAC007144AC /* file.h */ = {isa = PBXFileReference; fileEncoding = 4; lastKnownFileType = sourcecode.c.h; name = file.h; path = opentyrian/src/file.h; sourceTree = "<group>"; };
		D055C14610E62BAC007144AC /* fm_synth.c */ = {isa = PBXFileReference; fileEncoding = 4; lastKnownFileType = sourcecode.c.c; name = fm_synth.c; path = opentyrian/src/fm_synth.c; sourceTree = "<group>"; };
		D055C14710E62BAC007144AC /* fm_synth.h */ = {isa = PBXFileReference; fileEncoding = 4; lastKnownFileType = sourcecode.c.h; name = fm_synth.h; path = opentyrian/src/fm_synth.h; sourceTree = "<group>"; };
		D055C14810E62BAC007144AC /* fmopl.c */ = {isa = PBXFileReference; fileEncoding = 4; lastKnownFileType = sourcecode.c.c; name = fmopl.c; path = opentyrian/src/fmopl.c; sourceTree = "<group>"; };
		D055C14910E62BAC007144AC /* fmopl.h */ = {isa = PBXFileReference; fileEncoding = 4; lastKnownFileType = sourcecode.c.h; name = fmopl.h; path = opentyrian/src/fmopl.h; sourceTree = "<group>"; };
		D055C14A10E62BAC007144AC /* font.c */ = {isa = PBXFileReference; fileEncoding = 4; lastKnownFileType = sourcecode.c.c; name = font.c; path = opentyrian/src/font.c; sourceTree = "<group>"; };
		D055C14B10E62BAC007144AC /* font.h */ = {isa = PBXFileReference; fileEncoding = 4; lastKnownFileType = sourcecode.c.h; name = font.h; path = opentyrian/src/font.h; sourceTree = "<group>"; };
		D055C14C10E62BAC007144AC /* fonthand.c */ = {isa = PBXFileReference; fileEncoding = 4; lastKnownFileType = sourcecode.c.c; name = fonthand.c; path = opentyrian/src/fonthand.c; sourceTree = "<group>"; };
		D055C14D10E62BAC007144AC /* fonthand.h */ = {isa = PBXFileReference; fileEncoding = 4; lastKnownFileType = sourcecode.c.h; name = fonthand.h; path = opentyrian/src/fonthand.h; sourceTree = "<group>"; };
		D055C14E10E62BAC007144AC /* game_menu.c */ = {isa = PBXFileReference; fileEncoding = 4; lastKnownFileType = sourcecode.c.c; name = game_menu.c; path = opentyrian/src/game_menu.c; sourceTree = "<group>"; };
		D055C14F10E62BAC007144AC /* game_menu.h */ = {isa = PBXFileReference; fileEncoding = 4; lastKnownFileType = sourcecode.c.h; name = game_menu.h; path = opentyrian/src/game_menu.h; sourceTree = "<group>"; };
		D055C15010E62BAC007144AC /* helptext.c */ = {isa = PBXFileReference; fileEncoding = 4; lastKnownFileType = sourcecode.c.c; name = helptext.c; path = opentyrian/src/helptext.c; sourceTree = "<group>"; };
		D055C15110E62BAC007144AC /* helptext.h */ = {isa = PBXFileReference; fileEncoding = 4; lastKnownFileType = sourcecode.c.h; name = helptext.h; path = opentyrian/src/helptext.h; sourceTree = "<group>"; };
		D055C15210E62BAC007144AC /* hg_revision.h */ = {isa = PBXFileReference; fileEncoding = 4; lastKnownFileType = sourcecode.c.h; name = hg_revision.h; path = opentyrian/src/hg_revision.h; sourceTree = "<group>"; };
		D055C15310E62BAC007144AC /* joystick.c */ = {isa = PBXFileReference; fileEncoding = 4; lastKnownFileType = sourcecode.c.c; name = joystick.c; path = opentyrian/src/joystick.c; sourceTree = "<group>"; };
		D055C15410E62BAC007144AC /* joystick.h */ = {isa = PBXFileReference; fileEncoding = 4; lastKnownFileType = sourcecode.c.h; name = joystick.h; path = opentyrian/src/joystick.h; sourceTree = "<group>"; };
		D055C15510E62BAC007144AC /* jukebox.c */ = {isa = PBXFileReference; fileEncoding = 4; lastKnownFileType = sourcecode.c.c; name = jukebox.c; path = opentyrian/src/jukebox.c; sourceTree = "<group>"; };
		D055C15610E62BAC007144AC /* jukebox.h */ = {isa = PBXFileReference; fileEncoding = 4; lastKnownFileType = sourcecode.c.h; name = jukebox.h; path = opentyrian/src/jukebox.h; sourceTree = "<group>"; };
		D055C15710E62BAC007144AC /* keyboard.c */ = {isa = PBXFileReference; fileEncoding = 4; lastKnownFileType = sourcecode.c.c; name = keyboard.c; path = opentyrian/src/keyboard.c; sourceTree = "<group>"; };
		D055C15810E62BAC007144AC /* keyboard.h */ = {isa = PBXFileReference; fileEncoding = 4; lastKnownFileType = sourcecode.c.h; name = keyboard.h; path = opentyrian/src/keyboard.h; sourceTree = "<group>"; };
		D055C15910E62BAC007144AC /* lds_play.c */ = {isa = PBXFileReference; fileEncoding = 4; lastKnownFileType = sourcecode.c.c; name = lds_play.c; path = opentyrian/src/lds_play.c; sourceTree = "<group>"; };
		D055C15A10E62BAC007144AC /* lds_play.h */ = {isa = PBXFileReference; fileEncoding = 4; lastKnownFileType = sourcecode.c.h; name = lds_play.h; path = opentyrian/src/lds_play.h; sourceTree = "<group>"; };
		D055C15B10E62BAC007144AC /* loudness.c */ = {isa = PBXFileReference; fileEncoding = 4; lastKnownFileType = sourcecode.c.c; name = loudness.c; path = opentyrian/src/loudness.c; sourceTree = "<group>"; };
		D055C15C10E62BAC007144AC /* loudness.h */ = {isa = PBXFileReference; fileEncoding = 4; lastKnownFileType = sourcecode.c.h; name = loudness.h; path = opentyrian/src/loudness.h; sourceTree = "<group>"; };
		D055C15D10E62BAC007144AC /* lvllib.c */ = {isa = PBXFileReference; fileEncoding = 4; lastKnownFileType = sourcecode.c.c; name = lvllib.c; path = opentyrian/src/lvllib.c; sourceTree = "<group>"; };
		D055C15E10E62BAC007144AC /* lvllib.h */ = {isa = PBXFileReference; fileEncoding = 4; lastKnownFileType = sourcecode.c.h; name = lvllib.h; path = opentyrian/src/lvllib.h; sourceTree = "<group>"; };
		D055C15F10E62BAC007144AC /* lvlmast.c */ = {isa = PBXFileReference; fileEncoding = 4; lastKnownFileType = sourcecode.c.c; name = lvlmast.c; path = opentyrian/src/lvlmast.c; sourceTree = "<group>"; };
		D055C16010E62BAC007144AC /* lvlmast.h */ = {isa = PBXFileReference; fileEncoding = 4; lastKnownFileType = sourcecode.c.h; name = lvlmast.h; path = opentyrian/src/lvlmast.h; sourceTree = "<group>"; };
		D055C16210E62BAC007144AC /* mainint.c */ = {isa = PBXFileReference; fileEncoding = 4; lastKnownFileType = sourcecode.c.c; name = mainint.c; path = opentyrian/src/mainint.c; sourceTree = "<group>"; };
		D055C16310E62BAC007144AC /* mainint.h */ = {isa = PBXFileReference; fileEncoding = 4; lastKnownFileType = sourcecode.c.h; name = mainint.h; path = opentyrian/src/mainint.h; sourceTree = "<group>"; };
		D055C16410E62BAC007144AC /* menus.c */ = {isa = PBXFileReference; fileEncoding = 4; lastKnownFileType = sourcecode.c.c; name = menus.c; path = opentyrian/src/menus.c; sourceTree = "<group>"; };
		D055C16510E62BAC007144AC /* menus.h */ = {isa = PBXFileReference; fileEncoding = 4; lastKnownFileType = sourcecode.c.h; name = menus.h; path = opentyrian/src/menus.h; sourceTree = "<group>"; };
		D055C16610E62BAC007144AC /* mingw_fixes.c */ = {isa = PBXFileReference; fileEncoding = 4; lastKnownFileType = sourcecode.c.c; name = mingw_fixes.c; path = opentyrian/src/mingw_fixes.c; sourceTree = "<group>"; };
		D055C16710E62BAC007144AC /* mingw_fixes.h */ = {isa = PBXFileReference; fileEncoding = 4; lastKnownFileType = sourcecode.c.h; name = mingw_fixes.h; path = opentyrian/src/mingw_fixes.h; sourceTree = "<group>"; };
		D055C16810E62BAC007144AC /* mouse.c */ = {isa = PBXFileReference; fileEncoding = 4; lastKnownFileType = sourcecode.c.c; name = mouse.c; path = opentyrian/src/mouse.c; sourceTree = "<group>"; };
		D055C16910E62BAC007144AC /* mouse.h */ = {isa = PBXFileReference; fileEncoding = 4; lastKnownFileType = sourcecode.c.h; name = mouse.h; path = opentyrian/src/mouse.h; sourceTree = "<group>"; };
		D055C16A10E62BAC007144AC /* mtrand.c */ = {isa = PBXFileReference; fileEncoding = 4; lastKnownFileType = sourcecode.c.c; name = mtrand.c; path = opentyrian/src/mtrand.c; sourceTree = "<group>"; };
		D055C16B10E62BAC007144AC /* mtrand.h */ = {isa = PBXFileReference; fileEncoding = 4; lastKnownFileType = sourcecode.c.h; name = mtrand.h; path = opentyrian/src/mtrand.h; sourceTree = "<group>"; };
		D055C16C10E62BAC007144AC /* musmast.c */ = {isa = PBXFileReference; fileEncoding = 4; lastKnownFileType = sourcecode.c.c; name = musmast.c; path = opentyrian/src/musmast.c; sourceTree = "<group>"; };
		D055C16D10E62BAC007144AC /* musmast.h */ = {isa = PBXFileReference; fileEncoding = 4; lastKnownFileType = sourcecode.c.h; name = musmast.h; path = opentyrian/src/musmast.h; sourceTree = "<group>"; };
		D055C16E10E62BAC007144AC /* network.c */ = {isa = PBXFileReference; fileEncoding = 4; lastKnownFileType = sourcecode.c.c; name = network.c; path = opentyrian/src/network.c; sourceTree = "<group>"; };
		D055C16F10E62BAC007144AC /* network.h */ = {isa = PBXFileReference; fileEncoding = 4; lastKnownFileType = sourcecode.c.h; name = network.h; path = opentyrian/src/network.h; sourceTree = "<group>"; };
		D055C17010E62BAC007144AC /* nortsong.c */ = {isa = PBXFileReference; fileEncoding = 4; lastKnownFileType = sourcecode.c.c; name = nortsong.c; path = opentyrian/src/nortsong.c; sourceTree = "<group>"; };
		D055C17110E62BAC007144AC /* nortsong.h */ = {isa = PBXFileReference; fileEncoding = 4; lastKnownFileType = sourcecode.c.h; name = nortsong.h; path = opentyrian/src/nortsong.h; sourceTree = "<group>"; };
		D055C17210E62BAC007144AC /* nortvars.c */ = {isa = PBXFileReference; fileEncoding = 4; lastKnownFileType = sourcecode.c.c; name = nortvars.c; path = opentyrian/src/nortvars.c; sourceTree = "<group>"; };
		D055C17310E62BAC007144AC /* nortvars.h */ = {isa = PBXFileReference; fileEncoding = 4; lastKnownFileType = sourcecode.c.h; name = nortvars.h; path = opentyrian/src/nortvars.h; sourceTree = "<group>"; };
		D055C17410E62BAC007144AC /* opentyr.c */ = {isa = PBXFileReference; fileEncoding = 4; lastKnownFileType = sourcecode.c.c; name = opentyr.c; path = opentyrian/src/opentyr.c; sourceTree = "<group>"; };
		D055C17510E62BAC007144AC /* opentyr.h */ = {isa = PBXFileReference; fileEncoding = 4; lastKnownFileType = sourcecode.c.h; name = opentyr.h; path = opentyrian/src/opentyr.h; sourceTree = "<group>"; };
		D055C17610E62BAC007144AC /* palette.c */ = {isa = PBXFileReference; fileEncoding = 4; lastKnownFileType = sourcecode.c.c; name = palette.c; path = opentyrian/src/palette.c; sourceTree = "<group>"; };
		D055C17710E62BAC007144AC /* palette.h */ = {isa = PBXFileReference; fileEncoding = 4; lastKnownFileType = sourcecode.c.h; name = palette.h; path = opentyrian/src/palette.h; sourceTree = "<group>"; };
		D055C17810E62BAC007144AC /* params.c */ = {isa = PBXFileReference; fileEncoding = 4; lastKnownFileType = sourcecode.c.c; name = params.c; path = opentyrian/src/params.c; sourceTree = "<group>"; };
		D055C17910E62BAC007144AC /* params.h */ = {isa = PBXFileReference; fileEncoding = 4; lastKnownFileType = sourcecode.c.h; name = params.h; path = opentyrian/src/params.h; sourceTree = "<group>"; };
		D055C17A10E62BAC007144AC /* pcxload.c */ = {isa = PBXFileReference; fileEncoding = 4; lastKnownFileType = sourcecode.c.c; name = pcxload.c; path = opentyrian/src/pcxload.c; sourceTree = "<group>"; };
		D055C17B10E62BAC007144AC /* pcxload.h */ = {isa = PBXFileReference; fileEncoding = 4; lastKnownFileType = sourcecode.c.h; name = pcxload.h; path = opentyrian/src/pcxload.h; sourceTree = "<group>"; };
		D055C17C10E62BAC007144AC /* pcxmast.c */ = {isa = PBXFileReference; fileEncoding = 4; lastKnownFileType = sourcecode.c.c; name = pcxmast.c; path = opentyrian/src/pcxmast.c; sourceTree = "<group>"; };
		D055C17D10E62BAC007144AC /* pcxmast.h */ = {isa = PBXFileReference; fileEncoding = 4; lastKnownFileType = sourcecode.c.h; name = pcxmast.h; path = opentyrian/src/pcxmast.h; sourceTree = "<group>"; };
		D055C17E10E62BAC007144AC /* picload.c */ = {isa = PBXFileReference; fileEncoding = 4; lastKnownFileType = sourcecode.c.c; name = picload.c; path = opentyrian/src/picload.c; sourceTree = "<group>"; };
		D055C17F10E62BAC007144AC /* picload.h */ = {isa = PBXFileReference; fileEncoding = 4; lastKnownFileType = sourcecode.c.h; name = picload.h; path = opentyrian/src/picload.h; sourceTree = "<group>"; };
		D055C18010E62BAC007144AC /* player.c */ = {isa = PBXFileReference; fileEncoding = 4; lastKnownFileType = sourcecode.c.c; name = player.c; path = opentyrian/src/player.c; sourceTree = "<group>"; };
		D055C18110E62BAC007144AC /* player.h */ = {isa = PBXFileReference; fileEncoding = 4; lastKnownFileType = sourcecode.c.h; name = player.h; path = opentyrian/src/player.h; sourceTree = "<group>"; };
		D055C18210E62BAC007144AC /* scroller.c */ = {isa = PBXFileReference; fileEncoding = 4; lastKnownFileType = sourcecode.c.c; name = scroller.c; path = opentyrian/src/scroller.c; sourceTree = "<group>"; };
		D055C18310E62BAC007144AC /* scroller.h */ = {isa = PBXFileReference; fileEncoding = 4; lastKnownFileType = sourcecode.c.h; name = scroller.h; path = opentyrian/src/scroller.h; sourceTree = "<group>"; };
		D055C18610E62BAC007144AC /* setup.c */ = {isa = PBXFileReference; fileEncoding = 4; lastKnownFileType = sourcecode.c.c; name = setup.c; path = opentyrian/src/setup.c; sourceTree = "<group>"; };
		D055C18710E62BAC007144AC /* setup.h */ = {isa = PBXFileReference; fileEncoding = 4; lastKnownFileType = sourcecode.c.h; name = setup.h; path = opentyrian/src/setup.h; sourceTree = "<group>"; };
		D055C18810E62BAC007144AC /* sizebuf.c */ = {isa = PBXFileReference; fileEncoding = 4; lastKnownFileType = sourcecode.c.c; name = sizebuf.c; path = opentyrian/src/sizebuf.c; sourceTree = "<group>"; };
		D055C18910E62BAC007144AC /* sizebuf.h */ = {isa = PBXFileReference; fileEncoding = 4; lastKnownFileType = sourcecode.c.h; name = sizebuf.h; path = opentyrian/src/sizebuf.h; sourceTree = "<group>"; };
		D055C18A10E62BAC007144AC /* sndmast.c */ = {isa = PBXFileReference; fileEncoding = 4; lastKnownFileType = sourcecode.c.c; name = sndmast.c; path = opentyrian/src/sndmast.c; sourceTree = "<group>"; };
		D055C18B10E62BAC007144AC /* sndmast.h */ = {isa = PBXFileReference; fileEncoding = 4; lastKnownFileType = sourcecode.c.h; name = sndmast.h; path = opentyrian/src/sndmast.h; sourceTree = "<group>"; };
		D055C18C10E62BAC007144AC /* sprite.c */ = {isa = PBXFileReference; fileEncoding = 4; lastKnownFileType = sourcecode.c.c; name = sprite.c; path = opentyrian/src/sprite.c; sourceTree = "<group>"; };
		D055C18D10E62BAC007144AC /* sprite.h */ = {isa = PBXFileReference; fileEncoding = 4; lastKnownFileType = sourcecode.c.h; name = sprite.h; path = opentyrian/src/sprite.h; sourceTree = "<group>"; };
		D055C18E10E62BAC007144AC /* starlib.c */ = {isa = PBXFileReference; fileEncoding = 4; lastKnownFileType = sourcecode.c.c; name = starlib.c; path = opentyrian/src/starlib.c; sourceTree = "<group>"; };
		D055C18F10E62BAC007144AC /* starlib.h */ = {isa = PBXFileReference; fileEncoding = 4; lastKnownFileType = sourcecode.c.h; name = starlib.h; path = opentyrian/src/starlib.h; sourceTree = "<group>"; };
		D055C19010E62BAC007144AC /* tyrian2.c */ = {isa = PBXFileReference; fileEncoding = 4; lastKnownFileType = sourcecode.c.c; name = tyrian2.c; path = opentyrian/src/tyrian2.c; sourceTree = "<group>"; };
		D055C19110E62BAC007144AC /* tyrian2.h */ = {isa = PBXFileReference; fileEncoding = 4; lastKnownFileType = sourcecode.c.h; name = tyrian2.h; path = opentyrian/src/tyrian2.h; sourceTree = "<group>"; };
		D055C19210E62BAC007144AC /* varz.c */ = {isa = PBXFileReference; fileEncoding = 4; lastKnownFileType = sourcecode.c.c; name = varz.c; path = opentyrian/src/varz.c; sourceTree = "<group>"; };
		D055C19310E62BAC007144AC /* varz.h */ = {isa = PBXFileReference; fileEncoding = 4; lastKnownFileType = sourcecode.c.h; name = varz.h; path = opentyrian/src/varz.h; sourceTree = "<group>"; };
		D055C19410E62BAC007144AC /* vga_palette.c */ = {isa = PBXFileReference; fileEncoding = 4; lastKnownFileType = sourcecode.c.c; name = vga_palette.c; path = opentyrian/src/vga_palette.c; sourceTree = "<group>"; };
		D055C19510E62BAC007144AC /* vga_palette.h */ = {isa = PBXFileReference; fileEncoding = 4; lastKnownFileType = sourcecode.c.h; name = vga_palette.h; path = opentyrian/src/vga_palette.h; sourceTree = "<group>"; };
		D055C19610E62BAC007144AC /* vga256d.c */ = {isa = PBXFileReference; fileEncoding = 4; lastKnownFileType = sourcecode.c.c; name = vga256d.c; path = opentyrian/src/vga256d.c; sourceTree = "<group>"; };
		D055C19710E62BAC007144AC /* vga256d.h */ = {isa = PBXFileReference; fileEncoding = 4; lastKnownFileType = sourcecode.c.h; name = vga256d.h; path = opentyrian/src/vga256d.h; sourceTree = "<group>"; };
		D055C19810E62BAC007144AC /* video_scale.c */ = {isa = PBXFileReference; fileEncoding = 4; lastKnownFileType = sourcecode.c.c; name = video_scale.c; path = opentyrian/src/video_scale.c; sourceTree = "<group>"; };
		D055C19910E62BAC007144AC /* video_scale.h */ = {isa = PBXFileReference; fileEncoding = 4; lastKnownFileType = sourcecode.c.h; name = video_scale.h; path = opentyrian/src/video_scale.h; sourceTree = "<group>"; };
		D055C19A10E62BAC007144AC /* video.c */ = {isa = PBXFileReference; fileEncoding = 4; lastKnownFileType = sourcecode.c.c; name = video.c; path = opentyrian/src/video.c; sourceTree = "<group>"; };
		D055C19B10E62BAC007144AC /* video.h */ = {isa = PBXFileReference; fileEncoding = 4; lastKnownFileType = sourcecode.c.h; name = video.h; path = opentyrian/src/video.h; sourceTree = "<group>"; };
		D055C19C10E62BAC007144AC /* xmas.c */ = {isa = PBXFileReference; fileEncoding = 4; lastKnownFileType = sourcecode.c.c; name = xmas.c; path = opentyrian/src/xmas.c; sourceTree = "<group>"; };
		D055C19D10E62BAC007144AC /* xmas.h */ = {isa = PBXFileReference; fileEncoding = 4; lastKnownFileType = sourcecode.c.h; name = xmas.h; path = opentyrian/src/xmas.h; sourceTree = "<group>"; };
/* End PBXFileReference section */

/* Begin PBXFrameworksBuildPhase section */
		8D11072E0486CEB800E47090 /* Frameworks */ = {
			isa = PBXFrameworksBuildPhase;
			buildActionMask = 2147483647;
			files = (
				8D11072F0486CEB800E47090 /* Cocoa.framework in Frameworks */,
				A47314350CEFDF78006AAA03 /* SDL.framework in Frameworks */,
				437A38A50E0D2FF90097837C /* SDL_net.framework in Frameworks */,
			);
			runOnlyForDeploymentPostprocessing = 0;
		};
/* End PBXFrameworksBuildPhase section */

/* Begin PBXGroup section */
		080E96DDFE201D6D7F000001 /* Mac-specific Files */ = {
			isa = PBXGroup;
			children = (
				433BB7D00E14192A00CCE3BF /* main.m */,
			);
			name = "Mac-specific Files";
			path = ..;
			sourceTree = SOURCE_ROOT;
		};
		1058C7A0FEA54F0111CA2CBB /* Linked Frameworks */ = {
			isa = PBXGroup;
			children = (
				437A38A40E0D2FF90097837C /* SDL_net.framework */,
				1058C7A1FEA54F0111CA2CBB /* Cocoa.framework */,
				A47314340CEFDF78006AAA03 /* SDL.framework */,
			);
			name = "Linked Frameworks";
			sourceTree = "<group>";
		};
		1058C7A2FEA54F0111CA2CBB /* Other Frameworks */ = {
			isa = PBXGroup;
			children = (
				29B97324FDCFA39411CA2CEA /* AppKit.framework */,
				13E42FB307B3F0F600E4EEF1 /* CoreData.framework */,
				29B97325FDCFA39411CA2CEA /* Foundation.framework */,
			);
			name = "Other Frameworks";
			sourceTree = "<group>";
		};
		19C28FACFE9D520D11CA2CBB /* Products */ = {
			isa = PBXGroup;
			children = (
				8D1107320486CEB800E47090 /* OpenTyrian.app */,
			);
			name = Products;
			sourceTree = "<group>";
		};
		29B97314FDCFA39411CA2CEA /* OpenTyrian */ = {
			isa = PBXGroup;
			children = (
				080E96DDFE201D6D7F000001 /* Mac-specific Files */,
				A43848C10CC5AE570007FEE0 /* Mac-specific Modifications */,
				A43848060CC5ABF70007FEE0 /* Untouched opentyrian Files */,
				29B97317FDCFA39411CA2CEA /* Resources */,
				29B97323FDCFA39411CA2CEA /* Frameworks */,
				19C28FACFE9D520D11CA2CBB /* Products */,
			);
			name = OpenTyrian;
			sourceTree = "<group>";
		};
		29B97317FDCFA39411CA2CEA /* Resources */ = {
			isa = PBXGroup;
			children = (
				437A39590E0D3A770097837C /* data */,
				A4EDD15C0CBB6FFB008AEAEB /* tyrian.icns */,
				A4CBD5C90CBB687900048D9F /* MainMenu.nib */,
				8D1107310486CEB800E47090 /* Info.plist */,
			);
			name = Resources;
			sourceTree = "<group>";
		};
		29B97323FDCFA39411CA2CEA /* Frameworks */ = {
			isa = PBXGroup;
			children = (
				1058C7A0FEA54F0111CA2CBB /* Linked Frameworks */,
				1058C7A2FEA54F0111CA2CBB /* Other Frameworks */,
			);
			name = Frameworks;
			sourceTree = "<group>";
		};
		A43848060CC5ABF70007FEE0 /* Untouched opentyrian Files */ = {
			isa = PBXGroup;
			children = (
				D055C13410E62BAC007144AC /* animlib.c */,
				D055C13510E62BAC007144AC /* animlib.h */,
				D055C13610E62BAC007144AC /* arg_parse.c */,
				D055C13710E62BAC007144AC /* arg_parse.h */,
				D055C13810E62BAC007144AC /* backgrnd.c */,
				D055C13910E62BAC007144AC /* backgrnd.h */,
				D055C13A10E62BAC007144AC /* cJSON.c */,
				D055C13B10E62BAC007144AC /* cJSON.h */,
				D055C13C10E62BAC007144AC /* destruct.c */,
				D055C13D10E62BAC007144AC /* destruct.h */,
				D055C13E10E62BAC007144AC /* editship.c */,
				D055C13F10E62BAC007144AC /* editship.h */,
				D055C14010E62BAC007144AC /* episodes.c */,
				D055C14110E62BAC007144AC /* episodes.h */,
				D055C14210E62BAC007144AC /* file.c */,
				D055C14410E62BAC007144AC /* file.h */,
				D055C14610E62BAC007144AC /* fm_synth.c */,
				D055C14710E62BAC007144AC /* fm_synth.h */,
				D055C14810E62BAC007144AC /* fmopl.c */,
				D055C14910E62BAC007144AC /* fmopl.h */,
				D055C14A10E62BAC007144AC /* font.c */,
				D055C14B10E62BAC007144AC /* font.h */,
				D055C14C10E62BAC007144AC /* fonthand.c */,
				D055C14D10E62BAC007144AC /* fonthand.h */,
				D055C14E10E62BAC007144AC /* game_menu.c */,
				D055C14F10E62BAC007144AC /* game_menu.h */,
				D055C15010E62BAC007144AC /* helptext.c */,
				D055C15110E62BAC007144AC /* helptext.h */,
				D055C15210E62BAC007144AC /* hg_revision.h */,
				D055C15310E62BAC007144AC /* joystick.c */,
				D055C15410E62BAC007144AC /* joystick.h */,
				D055C15510E62BAC007144AC /* jukebox.c */,
				D055C15610E62BAC007144AC /* jukebox.h */,
				D055C15710E62BAC007144AC /* keyboard.c */,
				D055C15810E62BAC007144AC /* keyboard.h */,
				D055C15910E62BAC007144AC /* lds_play.c */,
				D055C15A10E62BAC007144AC /* lds_play.h */,
				D055C15B10E62BAC007144AC /* loudness.c */,
				D055C15C10E62BAC007144AC /* loudness.h */,
				D055C15D10E62BAC007144AC /* lvllib.c */,
				D055C15E10E62BAC007144AC /* lvllib.h */,
				D055C15F10E62BAC007144AC /* lvlmast.c */,
				D055C16010E62BAC007144AC /* lvlmast.h */,
				D055C16210E62BAC007144AC /* mainint.c */,
				D055C16310E62BAC007144AC /* mainint.h */,
				D055C16410E62BAC007144AC /* menus.c */,
				D055C16510E62BAC007144AC /* menus.h */,
				D055C16610E62BAC007144AC /* mingw_fixes.c */,
				D055C16710E62BAC007144AC /* mingw_fixes.h */,
				D055C16810E62BAC007144AC /* mouse.c */,
				D055C16910E62BAC007144AC /* mouse.h */,
				D055C16A10E62BAC007144AC /* mtrand.c */,
				D055C16B10E62BAC007144AC /* mtrand.h */,
				D055C16C10E62BAC007144AC /* musmast.c */,
				D055C16D10E62BAC007144AC /* musmast.h */,
				D055C16E10E62BAC007144AC /* network.c */,
				D055C16F10E62BAC007144AC /* network.h */,
				D055C17010E62BAC007144AC /* nortsong.c */,
				D055C17110E62BAC007144AC /* nortsong.h */,
				D055C17210E62BAC007144AC /* nortvars.c */,
				D055C17310E62BAC007144AC /* nortvars.h */,
				D055C17410E62BAC007144AC /* opentyr.c */,
				D055C17510E62BAC007144AC /* opentyr.h */,
				D055C17610E62BAC007144AC /* palette.c */,
				D055C17710E62BAC007144AC /* palette.h */,
				D055C17810E62BAC007144AC /* params.c */,
				D055C17910E62BAC007144AC /* params.h */,
				D055C17A10E62BAC007144AC /* pcxload.c */,
				D055C17B10E62BAC007144AC /* pcxload.h */,
				D055C17C10E62BAC007144AC /* pcxmast.c */,
				D055C17D10E62BAC007144AC /* pcxmast.h */,
				D055C17E10E62BAC007144AC /* picload.c */,
				D055C17F10E62BAC007144AC /* picload.h */,
				D055C18010E62BAC007144AC /* player.c */,
				D055C18110E62BAC007144AC /* player.h */,
				D055C18210E62BAC007144AC /* scroller.c */,
				D055C18310E62BAC007144AC /* scroller.h */,
				D055C18610E62BAC007144AC /* setup.c */,
				D055C18710E62BAC007144AC /* setup.h */,
				D055C18810E62BAC007144AC /* sizebuf.c */,
				D055C18910E62BAC007144AC /* sizebuf.h */,
				D055C18A10E62BAC007144AC /* sndmast.c */,
				D055C18B10E62BAC007144AC /* sndmast.h */,
				D055C18C10E62BAC007144AC /* sprite.c */,
				D055C18D10E62BAC007144AC /* sprite.h */,
				D055C18E10E62BAC007144AC /* starlib.c */,
				D055C18F10E62BAC007144AC /* starlib.h */,
				D055C19010E62BAC007144AC /* tyrian2.c */,
				D055C19110E62BAC007144AC /* tyrian2.h */,
				D055C19210E62BAC007144AC /* varz.c */,
				D055C19310E62BAC007144AC /* varz.h */,
				D055C19410E62BAC007144AC /* vga_palette.c */,
				D055C19510E62BAC007144AC /* vga_palette.h */,
				D055C19610E62BAC007144AC /* vga256d.c */,
				D055C19710E62BAC007144AC /* vga256d.h */,
				D055C19810E62BAC007144AC /* video_scale.c */,
				D055C19910E62BAC007144AC /* video_scale.h */,
				67758564121749BB0035F84E /* video_scale_hqNx.c */,
				D055C19A10E62BAC007144AC /* video.c */,
				D055C19B10E62BAC007144AC /* video.h */,
				D055C19C10E62BAC007144AC /* xmas.c */,
				D055C19D10E62BAC007144AC /* xmas.h */,
			);
			name = "Untouched opentyrian Files";
			path = ../..;
			sourceTree = SOURCE_ROOT;
		};
		A43848C10CC5AE570007FEE0 /* Mac-specific Modifications */ = {
			isa = PBXGroup;
			children = (
				433BB7AC0E14192A00CCE3BF /* config.c */,
				433BB7AD0E14192A00CCE3BF /* config.h */,
			);
			name = "Mac-specific Modifications";
			path = ..;
			sourceTree = "<group>";
		};
/* End PBXGroup section */

/* Begin PBXNativeTarget section */
		8D1107260486CEB800E47090 /* OpenTyrian */ = {
			isa = PBXNativeTarget;
			buildConfigurationList = C01FCF4A08A954540054247B /* Build configuration list for PBXNativeTarget "OpenTyrian" */;
			buildPhases = (
				8D1107290486CEB800E47090 /* Resources */,
				8D11072C0486CEB800E47090 /* Sources */,
				8D11072E0486CEB800E47090 /* Frameworks */,
				435DAAF90E14146300711E27 /* CopyFiles */,
			);
			buildRules = (
			);
			dependencies = (
			);
			name = OpenTyrian;
			productInstallPath = "$(HOME)/Applications";
			productName = OpenTyrian;
			productReference = 8D1107320486CEB800E47090 /* OpenTyrian.app */;
			productType = "com.apple.product-type.application";
		};
/* End PBXNativeTarget section */

/* Begin PBXProject section */
		29B97313FDCFA39411CA2CEA /* Project object */ = {
			isa = PBXProject;
			buildConfigurationList = C01FCF4E08A954540054247B /* Build configuration list for PBXProject "OpenTyrian" */;
			compatibilityVersion = "Xcode 2.4";
			hasScannedForEncodings = 1;
			mainGroup = 29B97314FDCFA39411CA2CEA /* OpenTyrian */;
			projectDirPath = "";
			projectRoot = "";
			targets = (
				8D1107260486CEB800E47090 /* OpenTyrian */,
			);
		};
/* End PBXProject section */

/* Begin PBXResourcesBuildPhase section */
		8D1107290486CEB800E47090 /* Resources */ = {
			isa = PBXResourcesBuildPhase;
			buildActionMask = 2147483647;
			files = (
				A4EDD15D0CBB6FFB008AEAEB /* tyrian.icns in Resources */,
				A48DFB580CD6C27C0026AE59 /* MainMenu.nib in Resources */,
				437A39C50E0D3A770097837C /* data in Resources */,
			);
			runOnlyForDeploymentPostprocessing = 0;
		};
/* End PBXResourcesBuildPhase section */

/* Begin PBXSourcesBuildPhase section */
		8D11072C0486CEB800E47090 /* Sources */ = {
			isa = PBXSourcesBuildPhase;
			buildActionMask = 2147483647;
			files = (
				433BB8060E14192A00CCE3BF /* config.c in Sources */,
				433BB8290E14192A00CCE3BF /* main.m in Sources */,
				D055C19E10E62BAC007144AC /* animlib.c in Sources */,
				D055C19F10E62BAC007144AC /* arg_parse.c in Sources */,
				D055C1A010E62BAC007144AC /* backgrnd.c in Sources */,
				D055C1A110E62BAC007144AC /* cJSON.c in Sources */,
				D055C1A210E62BAC007144AC /* destruct.c in Sources */,
				D055C1A310E62BAC007144AC /* editship.c in Sources */,
				D055C1A410E62BAC007144AC /* episodes.c in Sources */,
				D055C1A510E62BAC007144AC /* file.c in Sources */,
				D055C1A810E62BAC007144AC /* fm_synth.c in Sources */,
				D055C1A910E62BAC007144AC /* fmopl.c in Sources */,
				D055C1AA10E62BAC007144AC /* font.c in Sources */,
				D055C1AB10E62BAC007144AC /* fonthand.c in Sources */,
				D055C1AC10E62BAC007144AC /* game_menu.c in Sources */,
				D055C1AD10E62BAC007144AC /* helptext.c in Sources */,
				D055C1AE10E62BAC007144AC /* joystick.c in Sources */,
				D055C1AF10E62BAC007144AC /* jukebox.c in Sources */,
				D055C1B010E62BAC007144AC /* keyboard.c in Sources */,
				D055C1B110E62BAC007144AC /* lds_play.c in Sources */,
				D055C1B210E62BAC007144AC /* loudness.c in Sources */,
				D055C1B310E62BAC007144AC /* lvllib.c in Sources */,
				D055C1B410E62BAC007144AC /* lvlmast.c in Sources */,
				D055C1B610E62BAC007144AC /* mainint.c in Sources */,
				D055C1B710E62BAC007144AC /* menus.c in Sources */,
				D055C1B810E62BAC007144AC /* mingw_fixes.c in Sources */,
				D055C1B910E62BAC007144AC /* mouse.c in Sources */,
				D055C1BA10E62BAC007144AC /* mtrand.c in Sources */,
				D055C1BB10E62BAC007144AC /* musmast.c in Sources */,
				D055C1BC10E62BAC007144AC /* network.c in Sources */,
				D055C1BD10E62BAC007144AC /* nortsong.c in Sources */,
				D055C1BE10E62BAC007144AC /* nortvars.c in Sources */,
				D055C1BF10E62BAC007144AC /* opentyr.c in Sources */,
				D055C1C010E62BAC007144AC /* palette.c in Sources */,
				D055C1C110E62BAC007144AC /* params.c in Sources */,
				D055C1C210E62BAC007144AC /* pcxload.c in Sources */,
				D055C1C310E62BAC007144AC /* pcxmast.c in Sources */,
				D055C1C410E62BAC007144AC /* picload.c in Sources */,
				D055C1C510E62BAC007144AC /* player.c in Sources */,
				D055C1C610E62BAC007144AC /* scroller.c in Sources */,
				D055C1C810E62BAC007144AC /* setup.c in Sources */,
				D055C1C910E62BAC007144AC /* sizebuf.c in Sources */,
				D055C1CA10E62BAC007144AC /* sndmast.c in Sources */,
				D055C1CB10E62BAC007144AC /* sprite.c in Sources */,
				D055C1CC10E62BAC007144AC /* starlib.c in Sources */,
				D055C1CD10E62BAC007144AC /* tyrian2.c in Sources */,
				D055C1CE10E62BAC007144AC /* varz.c in Sources */,
				D055C1CF10E62BAC007144AC /* vga_palette.c in Sources */,
				D055C1D010E62BAC007144AC /* vga256d.c in Sources */,
				D055C1D110E62BAC007144AC /* video_scale.c in Sources */,
				D055C1D210E62BAC007144AC /* video.c in Sources */,
				D055C1D310E62BAC007144AC /* xmas.c in Sources */,
				67758565121749BB0035F84E /* video_scale_hqNx.c in Sources */,
			);
			runOnlyForDeploymentPostprocessing = 0;
		};
/* End PBXSourcesBuildPhase section */

/* Begin PBXVariantGroup section */
		A4CBD5C90CBB687900048D9F /* MainMenu.nib */ = {
			isa = PBXVariantGroup;
			children = (
				A4CBD5CA0CBB687900048D9F /* English */,
			);
			name = MainMenu.nib;
			sourceTree = "<group>";
		};
/* End PBXVariantGroup section */

/* Begin XCBuildConfiguration section */
		C01FCF4B08A954540054247B /* Debug */ = {
			isa = XCBuildConfiguration;
			buildSettings = {
				COPY_PHASE_STRIP = NO;
				FRAMEWORK_SEARCH_PATHS = (
					"$(inherited)",
					.,
				);
				GCC_DEBUGGING_SYMBOLS = full;
				GCC_DYNAMIC_NO_PIC = NO;
				GCC_ENABLE_FIX_AND_CONTINUE = YES;
				GCC_ENABLE_OBJC_GC = NO;
				GCC_OPTIMIZATION_LEVEL = 0;
				INFOPLIST_FILE = Info.plist;
				OTHER_CFLAGS = "-DSCALE2X";
				PRODUCT_NAME = OpenTyrian;
				SDL_FRAMEWORK = /Library/Frameworks/SDL.framework;
				SDL_NET_FRAMEWORK = /Library/Frameworks/SDL_net.framework;
				USER_HEADER_SEARCH_PATHS = "$(SDL_FRAMEWORK)/Headers $(SDL_NET_FRAMEWORK)/Headers";
				WRAPPER_EXTENSION = app;
				ZERO_LINK = YES;
			};
			name = Debug;
		};
		C01FCF4C08A954540054247B /* Release */ = {
			isa = XCBuildConfiguration;
			buildSettings = {
				ARCHS = (
					ppc,
					i386,
				);
				FRAMEWORK_SEARCH_PATHS = (
					"$(inherited)",
					.,
				);
				GCC_DYNAMIC_NO_PIC = YES;
				GCC_GENERATE_DEBUGGING_SYMBOLS = NO;
				INFOPLIST_FILE = Info.plist;
				PRODUCT_NAME = OpenTyrian;
				SDL_FRAMEWORK = /Library/Frameworks/SDL.framework;
				SDL_NET_FRAMEWORK = /Library/Frameworks/SDL_net.framework;
				USER_HEADER_SEARCH_PATHS = "$(SDL_FRAMEWORK)/Headers $(SDL_NET_FRAMEWORK)/Headers";
				WRAPPER_EXTENSION = app;
			};
			name = Release;
		};
		C01FCF4F08A954540054247B /* Debug */ = {
			isa = XCBuildConfiguration;
			buildSettings = {
				GCC_C_LANGUAGE_STANDARD = c99;
				GCC_PREPROCESSOR_DEFINITIONS = (
					"$(GCC_PREPROCESSOR_DEFINITIONS_QUOTED_FOR_PROJECT_1)",
					TARGET_MACOSX,
				);
				GCC_PREPROCESSOR_DEFINITIONS_QUOTED_FOR_PROJECT_1 = "SVN_REV=\\\"$(SVN_REVISION)\\\"";
				GCC_WARN_ABOUT_RETURN_TYPE = YES;
				PREBINDING = NO;
				SDKROOT = /Developer/SDKs/MacOSX10.5.sdk;
				SVN_REVISION = 774;
				VALID_ARCHS = "i386 ppc ppc64 x86_64";
				VERSION = 1.1;
			};
			name = Debug;
		};
		C01FCF5008A954540054247B /* Release */ = {
			isa = XCBuildConfiguration;
			buildSettings = {
				GCC_C_LANGUAGE_STANDARD = c99;
				GCC_PREPROCESSOR_DEFINITIONS = (
					"$(GCC_PREPROCESSOR_DEFINITIONS_QUOTED_FOR_PROJECT_1)",
					TARGET_MACOSX,
					NDEBUG,
				);
				GCC_PREPROCESSOR_DEFINITIONS_QUOTED_FOR_PROJECT_1 = "SVN_REV=\\\"$(SVN_REVISION)\\\"";
				GCC_WARN_ABOUT_RETURN_TYPE = YES;
				PREBINDING = YES;
				SDKROOT = /Developer/SDKs/MacOSX10.5.sdk;
				SVN_REVISION = 774;
				VALID_ARCHS = "i386 ppc ppc64 x86_64";
				VERSION = 1.1;
			};
			name = Release;
		};
/* End XCBuildConfiguration section */

/* Begin XCConfigurationList section */
		C01FCF4A08A954540054247B /* Build configuration list for PBXNativeTarget "OpenTyrian" */ = {
			isa = XCConfigurationList;
			buildConfigurations = (
				C01FCF4B08A954540054247B /* Debug */,
				C01FCF4C08A954540054247B /* Release */,
			);
			defaultConfigurationIsVisible = 0;
			defaultConfigurationName = Release;
		};
		C01FCF4E08A954540054247B /* Build configuration list for PBXProject "OpenTyrian" */ = {
			isa = XCConfigurationList;
			buildConfigurations = (
				C01FCF4F08A954540054247B /* Debug */,
				C01FCF5008A954540054247B /* Release */,
			);
			defaultConfigurationIsVisible = 0;
			defaultConfigurationName = Release;
		};
/* End XCConfigurationList section */
	};
	rootObject = 29B97313FDCFA39411CA2CEA /* Project object */;
}
